{
  "name": "glitch-hello-react",
  "version": "0.0.5",
  "lockfileVersion": 1,
  "requires": true,
  "dependencies": {
    "@babel/runtime": {
      "version": "7.18.3",
      "resolved": "https://registry.npmjs.org/@babel/runtime/-/runtime-7.18.3.tgz",
      "integrity": "sha512-38Y8f7YUhce/K7RMwTp7m0uCumpv9hZkitCbBClqQIow1qSbCvGkcegKOXpEWCQLfWmevgRiWokZ1GkpfhbZug==",
      "requires": {
        "regenerator-runtime": "^0.13.4"
      }
    },
    "@mui/material": {
      "version": "5.8.1",
      "resolved": "https://registry.npmjs.org/@mui/material/-/material-5.8.1.tgz",
      "integrity": "sha512-Vl3BHFzOcAT5TJfvzoQUyuo/Xckn+/NSRyJ8upM4Hbz6Y1egW6P8f1RCa4FdkEfPSd5wSSYdmPfAiEh8eI4rPg==",
      "requires": {
        "@babel/runtime": "^7.17.2",
        "@mui/base": "5.0.0-alpha.82",
        "@mui/system": "^5.8.1",
        "@mui/types": "^7.1.3",
        "@mui/utils": "^5.8.0",
        "@types/react-transition-group": "^4.4.4",
        "clsx": "^1.1.1",
        "csstype": "^3.0.11",
        "hoist-non-react-statics": "^3.3.2",
        "prop-types": "^15.8.1",
        "react-is": "^17.0.2",
        "react-transition-group": "^4.4.2"
      },
      "dependencies": {
        "@babel/runtime": {
          "version": "7.18.0",
          "resolved": "https://registry.npmjs.org/@babel/runtime/-/runtime-7.18.0.tgz",
          "integrity": "sha512-YMQvx/6nKEaucl0MY56mwIG483xk8SDNdlUwb2Ts6FUpr7fm85DxEmsY18LXBNhcTz6tO6JwZV8w1W06v8UKeg==",
          "requires": {
            "regenerator-runtime": "^0.13.4"
          }
        },
        "@emotion/cache": {
          "version": "11.7.1",
          "resolved": "https://registry.npmjs.org/@emotion/cache/-/cache-11.7.1.tgz",
          "integrity": "sha512-r65Zy4Iljb8oyjtLeCuBH8Qjiy107dOYC6SJq7g7GV5UCQWMObY4SJDPGFjiiVpPrOJ2hmJOoBiYTC7hwx9E2A==",
          "requires": {
            "@emotion/memoize": "^0.7.4",
            "@emotion/sheet": "^1.1.0",
            "@emotion/utils": "^1.0.0",
            "@emotion/weak-memoize": "^0.2.5",
            "stylis": "4.0.13"
          }
        },
        "@emotion/is-prop-valid": {
          "version": "1.1.2",
          "resolved": "https://registry.npmjs.org/@emotion/is-prop-valid/-/is-prop-valid-1.1.2.tgz",
          "integrity": "sha512-3QnhqeL+WW88YjYbQL5gUIkthuMw7a0NGbZ7wfFVk2kg/CK5w8w5FFa0RzWjyY1+sujN0NWbtSHH6OJmWHtJpQ==",
          "requires": {
            "@emotion/memoize": "^0.7.4"
          }
        },
        "@emotion/memoize": {
          "version": "0.7.5",
          "resolved": "https://registry.npmjs.org/@emotion/memoize/-/memoize-0.7.5.tgz",
          "integrity": "sha512-igX9a37DR2ZPGYtV6suZ6whr8pTFtyHL3K/oLUotxpSVO2ASaprmAe2Dkq7tBo7CRY7MMDrAa9nuQP9/YG8FxQ=="
        },
        "@emotion/sheet": {
          "version": "1.1.0",
          "resolved": "https://registry.npmjs.org/@emotion/sheet/-/sheet-1.1.0.tgz",
          "integrity": "sha512-u0AX4aSo25sMAygCuQTzS+HsImZFuS8llY8O7b9MDRzbJM0kVJlAz6KNDqcG7pOuQZJmj/8X/rAW+66kMnMW+g=="
        },
        "@emotion/utils": {
          "version": "1.1.0",
          "resolved": "https://registry.npmjs.org/@emotion/utils/-/utils-1.1.0.tgz",
          "integrity": "sha512-iRLa/Y4Rs5H/f2nimczYmS5kFJEbpiVvgN3XVfZ022IYhuNA1IRSHEizcof88LtCTXtl9S2Cxt32KgaXEu72JQ=="
        },
        "@emotion/weak-memoize": {
          "version": "0.2.5",
          "resolved": "https://registry.npmjs.org/@emotion/weak-memoize/-/weak-memoize-0.2.5.tgz",
          "integrity": "sha512-6U71C2Wp7r5XtFtQzYrW5iKFT67OixrSxjI4MptCHzdSVlgabczzqLe0ZSgnub/5Kp4hSbpDB1tMytZY9pwxxA=="
        },
        "@mui/base": {
          "version": "5.0.0-alpha.82",
          "resolved": "https://registry.npmjs.org/@mui/base/-/base-5.0.0-alpha.82.tgz",
          "integrity": "sha512-WUVDjCGnLXzmGxrmfW31blhucg0sRX4YddK2Falq7FlVzwdJaPgWn/xzPZmdLL0+WXon0gQVnDrq2qvggE/GMg==",
          "requires": {
            "@babel/runtime": "^7.17.2",
            "@emotion/is-prop-valid": "^1.1.2",
            "@mui/types": "^7.1.3",
            "@mui/utils": "^5.8.0",
            "@popperjs/core": "^2.11.5",
            "clsx": "^1.1.1",
            "prop-types": "^15.8.1",
            "react-is": "^17.0.2"
          }
        },
        "@mui/private-theming": {
          "version": "5.8.0",
          "resolved": "https://registry.npmjs.org/@mui/private-theming/-/private-theming-5.8.0.tgz",
          "integrity": "sha512-MjRAneTmCKLR9u2S4jtjLUe6gpHxlbb4g2bqpDJ2PdwlvwsWIUzbc/gVB4dvccljXeWxr5G2M/Co2blXisvFIw==",
          "requires": {
            "@babel/runtime": "^7.17.2",
            "@mui/utils": "^5.8.0",
            "prop-types": "^15.8.1"
          }
        },
        "@mui/styled-engine": {
          "version": "5.8.0",
          "resolved": "https://registry.npmjs.org/@mui/styled-engine/-/styled-engine-5.8.0.tgz",
          "integrity": "sha512-Q3spibB8/EgeMYHc+/o3RRTnAYkSl7ROCLhXJ830W8HZ2/iDiyYp16UcxKPurkXvLhUaILyofPVrP3Su2uKsAw==",
          "requires": {
            "@babel/runtime": "^7.17.2",
            "@emotion/cache": "^11.7.1",
            "prop-types": "^15.8.1"
          }
        },
        "@mui/system": {
          "version": "5.8.1",
          "resolved": "https://registry.npmjs.org/@mui/system/-/system-5.8.1.tgz",
          "integrity": "sha512-kWJMEN62+HJb4LMRNEAZQYc++FPYsqPsU9dCL7ByLgmz/ZzRrZ8FjDi2r4j0ZeE4kaVvqBXh+RA7tLzmCKqV9w==",
          "requires": {
            "@babel/runtime": "^7.17.2",
            "@mui/private-theming": "^5.8.0",
            "@mui/styled-engine": "^5.8.0",
            "@mui/types": "^7.1.3",
            "@mui/utils": "^5.8.0",
            "clsx": "^1.1.1",
            "csstype": "^3.0.11",
            "prop-types": "^15.8.1"
          }
        },
        "@mui/types": {
          "version": "7.1.3",
          "resolved": "https://registry.npmjs.org/@mui/types/-/types-7.1.3.tgz",
          "integrity": "sha512-DDF0UhMBo4Uezlk+6QxrlDbchF79XG6Zs0zIewlR4c0Dt6GKVFfUtzPtHCH1tTbcSlq/L2bGEdiaoHBJ9Y1gSA=="
        },
        "@mui/utils": {
          "version": "5.8.0",
          "resolved": "https://registry.npmjs.org/@mui/utils/-/utils-5.8.0.tgz",
          "integrity": "sha512-7LgUtCvz78676iC0wpTH7HizMdCrTphhBmRWimIMFrp5Ph6JbDFVuKS1CwYnWWxRyYKL0QzXrDL0lptAU90EXg==",
          "requires": {
            "@babel/runtime": "^7.17.2",
            "@types/prop-types": "^15.7.5",
            "@types/react-is": "^16.7.1 || ^17.0.0",
            "prop-types": "^15.8.1",
            "react-is": "^17.0.2"
          }
        },
        "@popperjs/core": {
          "version": "2.11.5",
          "resolved": "https://registry.npmjs.org/@popperjs/core/-/core-2.11.5.tgz",
          "integrity": "sha512-9X2obfABZuDVLCgPK9aX0a/x4jaOEweTTWE2+9sr0Qqqevj2Uv5XorvusThmc9XGYpS9yI+fhh8RTafBtGposw=="
        },
        "@types/prop-types": {
          "version": "15.7.5",
          "resolved": "https://registry.npmjs.org/@types/prop-types/-/prop-types-15.7.5.tgz",
          "integrity": "sha512-JCB8C6SnDoQf0cNycqd/35A7MjcnK+ZTqE7judS6o7utxUCg6imJg3QK2qzHKszlTjcj2cn+NwMB2i96ubpj7w=="
        },
        "@types/react": {
          "version": "18.0.9",
          "resolved": "https://registry.npmjs.org/@types/react/-/react-18.0.9.tgz",
          "integrity": "sha512-9bjbg1hJHUm4De19L1cHiW0Jvx3geel6Qczhjd0qY5VKVE2X5+x77YxAepuCwVh4vrgZJdgEJw48zrhRIeF4Nw==",
          "requires": {
            "@types/prop-types": "*",
            "@types/scheduler": "*",
            "csstype": "^3.0.2"
          }
        },
        "@types/react-is": {
          "version": "17.0.3",
          "resolved": "https://registry.npmjs.org/@types/react-is/-/react-is-17.0.3.tgz",
          "integrity": "sha512-aBTIWg1emtu95bLTLx0cpkxwGW3ueZv71nE2YFBpL8k/z5czEW8yYpOo8Dp+UUAFAtKwNaOsh/ioSeQnWlZcfw==",
          "requires": {
            "@types/react": "*"
          }
        },
        "@types/react-transition-group": {
          "version": "4.4.4",
          "resolved": "https://registry.npmjs.org/@types/react-transition-group/-/react-transition-group-4.4.4.tgz",
          "integrity": "sha512-7gAPz7anVK5xzbeQW9wFBDg7G++aPLAFY0QaSMOou9rJZpbuI58WAuJrgu+qR92l61grlnCUe7AFX8KGahAgug==",
          "requires": {
            "@types/react": "*"
          }
        },
        "@types/scheduler": {
          "version": "0.16.2",
          "resolved": "https://registry.npmjs.org/@types/scheduler/-/scheduler-0.16.2.tgz",
          "integrity": "sha512-hppQEBDmlwhFAXKJX2KnWLYu5yMfi91yazPb2l+lbJiwW+wdo1gNeRA+3RgNSO39WYX2euey41KEwnqesU2Jew=="
        },
        "clsx": {
          "version": "1.1.1",
          "resolved": "https://registry.npmjs.org/clsx/-/clsx-1.1.1.tgz",
          "integrity": "sha512-6/bPho624p3S2pMyvP5kKBPXnI3ufHLObBFCfgx+LkeR5lg2XYy2hqZqUf45ypD8COn2bhgGJSUE+l5dhNBieA=="
        },
        "csstype": {
          "version": "3.1.0",
          "resolved": "https://registry.npmjs.org/csstype/-/csstype-3.1.0.tgz",
          "integrity": "sha512-uX1KG+x9h5hIJsaKR9xHUeUraxf8IODOwq9JLNPq6BwB04a/xgpq3rcx47l5BZu5zBPlgD342tdke3Hom/nJRA=="
        },
        "dom-helpers": {
          "version": "5.2.1",
          "resolved": "https://registry.npmjs.org/dom-helpers/-/dom-helpers-5.2.1.tgz",
          "integrity": "sha512-nRCa7CK3VTrM2NmGkIy4cbK7IZlgBE/PYMn55rrXefr5xXDP0LdtfPnblFDoVdcAfslJ7or6iqAUnx0CCGIWQA==",
          "requires": {
            "@babel/runtime": "^7.8.7",
            "csstype": "^3.0.2"
          }
        },
        "hoist-non-react-statics": {
          "version": "3.3.2",
          "resolved": "https://registry.npmjs.org/hoist-non-react-statics/-/hoist-non-react-statics-3.3.2.tgz",
          "integrity": "sha512-/gGivxi8JPKWNm/W0jSmzcMPpfpPLc3dY/6GxhX2hQ9iGj3aDfklV4ET7NjKpSinLpJ5vafa9iiGIEZg10SfBw==",
          "requires": {
            "react-is": "^16.7.0"
          },
          "dependencies": {
            "react-is": {
              "version": "16.13.1",
              "resolved": "https://registry.npmjs.org/react-is/-/react-is-16.13.1.tgz",
              "integrity": "sha512-24e6ynE2H+OKt4kqsOvNd8kBpV65zoxbA4BVsEOB3ARVWQki/DHzaUoC5KuON/BiccDaCCTZBuOcfZs70kR8bQ=="
            }
          }
        },
        "js-tokens": {
          "version": "4.0.0",
          "resolved": "https://registry.npmjs.org/js-tokens/-/js-tokens-4.0.0.tgz",
          "integrity": "sha512-RdJUflcE3cUzKiMqQgsCu06FPu9UdIJO0beYbPhHN4k6apgJtifcoCtT9bcxOpYBtpD2kCM6Sbzg4CausW/PKQ=="
        },
        "loose-envify": {
          "version": "1.4.0",
          "resolved": "https://registry.npmjs.org/loose-envify/-/loose-envify-1.4.0.tgz",
          "integrity": "sha512-lyuxPGr/Wfhrlem2CL/UcnUc1zcqKAImBDzukY7Y5F/yQiNdko6+fRLevlw1HgMySw7f611UIY408EtxRSoK3Q==",
          "requires": {
            "js-tokens": "^3.0.0 || ^4.0.0"
          }
        },
        "object-assign": {
          "version": "4.1.1",
          "resolved": "https://registry.npmjs.org/object-assign/-/object-assign-4.1.1.tgz",
          "integrity": "sha1-IQmtx5ZYh8/AXLvUQsrIv7s2CGM="
        },
        "prop-types": {
          "version": "15.8.1",
          "resolved": "https://registry.npmjs.org/prop-types/-/prop-types-15.8.1.tgz",
          "integrity": "sha512-oj87CgZICdulUohogVAR7AjlC0327U4el4L6eAvOqCeudMDVU0NThNaV+b9Df4dXgSP1gXMTnPdhfe/2qDH5cg==",
          "requires": {
            "loose-envify": "^1.4.0",
            "object-assign": "^4.1.1",
            "react-is": "^16.13.1"
          },
          "dependencies": {
            "react-is": {
              "version": "16.13.1",
              "resolved": "https://registry.npmjs.org/react-is/-/react-is-16.13.1.tgz",
              "integrity": "sha512-24e6ynE2H+OKt4kqsOvNd8kBpV65zoxbA4BVsEOB3ARVWQki/DHzaUoC5KuON/BiccDaCCTZBuOcfZs70kR8bQ=="
            }
          }
        },
        "react-is": {
          "version": "17.0.2",
          "resolved": "https://registry.npmjs.org/react-is/-/react-is-17.0.2.tgz",
          "integrity": "sha512-w2GsyukL62IJnlaff/nRegPQR94C/XXamvMWmSHRJ4y7Ts/4ocGRmTHvOs8PSE6pB3dWOrD/nueuU5sduBsQ4w=="
        },
        "react-transition-group": {
          "version": "4.4.2",
          "resolved": "https://registry.npmjs.org/react-transition-group/-/react-transition-group-4.4.2.tgz",
          "integrity": "sha512-/RNYfRAMlZwDSr6z4zNKV6xu53/e2BuaBbGhbyYIXTrmgu/bGHzmqOs7mJSJBHy9Ud+ApHx3QjrkKSp1pxvlFg==",
          "requires": {
            "@babel/runtime": "^7.5.5",
            "dom-helpers": "^5.0.1",
            "loose-envify": "^1.4.0",
            "prop-types": "^15.6.2"
          }
        },
        "regenerator-runtime": {
          "version": "0.13.9",
          "resolved": "https://registry.npmjs.org/regenerator-runtime/-/regenerator-runtime-0.13.9.tgz",
          "integrity": "sha512-p3VT+cOEgxFsRRA9X4lkI1E+k2/CtnKtU4gcxyaCUreilL/vqI6CdZ3wxVUx3UOUg+gnUOQQcRI7BmSI656MYA=="
        },
        "stylis": {
          "version": "4.0.13",
          "resolved": "https://registry.npmjs.org/stylis/-/stylis-4.0.13.tgz",
          "integrity": "sha512-xGPXiFVl4YED9Jh7Euv2V220mriG9u4B2TA6Ybjc1catrstKD2PpIdU3U0RKpkVBC2EhmL/F0sPCr9vrFTNRag=="
        }
      }
    },
    "@reduxjs/toolkit": {
      "version": "1.8.2",
      "resolved": "https://registry.npmjs.org/@reduxjs/toolkit/-/toolkit-1.8.2.tgz",
      "integrity": "sha512-CtPw5TkN1pHRigMFCOS/0qg3b/yfPV5qGCsltVnIz7bx4PKTJlGHYfIxm97qskLknMzuGfjExaYdXJ77QTL0vg==",
      "requires": {
        "immer": "^9.0.7",
        "redux": "^4.1.2",
        "redux-thunk": "^2.4.1",
        "reselect": "^4.1.5"
      },
      "dependencies": {
        "@babel/runtime": {
          "version": "7.18.0",
          "resolved": "https://registry.npmjs.org/@babel/runtime/-/runtime-7.18.0.tgz",
          "integrity": "sha512-YMQvx/6nKEaucl0MY56mwIG483xk8SDNdlUwb2Ts6FUpr7fm85DxEmsY18LXBNhcTz6tO6JwZV8w1W06v8UKeg==",
          "requires": {
            "regenerator-runtime": "^0.13.4"
          }
        },
        "immer": {
          "version": "9.0.14",
          "resolved": "https://registry.npmjs.org/immer/-/immer-9.0.14.tgz",
          "integrity": "sha512-ubBeqQutOSLIFCUBN03jGeOS6a3DoYlSYwYJTa+gSKEZKU5redJIqkIdZ3JVv/4RZpfcXdAWH5zCNLWPRv2WDw=="
        },
        "redux": {
          "version": "4.2.0",
          "resolved": "https://registry.npmjs.org/redux/-/redux-4.2.0.tgz",
          "integrity": "sha512-oSBmcKKIuIR4ME29/AeNUnl5L+hvBq7OaJWzaptTQJAntaPvxIJqfnjbaEiCzzaIz+XmVILfqAM3Ob0aXLPfjA==",
          "requires": {
            "@babel/runtime": "^7.9.2"
          }
        },
        "redux-thunk": {
          "version": "2.4.1",
          "resolved": "https://registry.npmjs.org/redux-thunk/-/redux-thunk-2.4.1.tgz",
          "integrity": "sha512-OOYGNY5Jy2TWvTL1KgAlVy6dcx3siPJ1wTq741EPyUKfn6W6nChdICjZwCd0p8AZBs5kWpZlbkXW2nE/zjUa+Q=="
        },
        "regenerator-runtime": {
          "version": "0.13.9",
          "resolved": "https://registry.npmjs.org/regenerator-runtime/-/regenerator-runtime-0.13.9.tgz",
          "integrity": "sha512-p3VT+cOEgxFsRRA9X4lkI1E+k2/CtnKtU4gcxyaCUreilL/vqI6CdZ3wxVUx3UOUg+gnUOQQcRI7BmSI656MYA=="
        },
        "reselect": {
          "version": "4.1.5",
          "resolved": "https://registry.npmjs.org/reselect/-/reselect-4.1.5.tgz",
          "integrity": "sha512-uVdlz8J7OO+ASpBYoz1Zypgx0KasCY20H+N8JD13oUMtPvSHQuscrHop4KbXrbsBcdB9Ds7lVK7eRkBIfO43vQ=="
        }
      }
    },
    "@vitejs/plugin-react": {
      "version": "1.3.2",
      "requires": {
        "@babel/core": "^7.17.10",
        "@babel/plugin-transform-react-jsx": "^7.17.3",
        "@babel/plugin-transform-react-jsx-development": "^7.16.7",
        "@babel/plugin-transform-react-jsx-self": "^7.16.7",
        "@babel/plugin-transform-react-jsx-source": "^7.16.7",
        "@rollup/pluginutils": "^4.2.1",
        "react-refresh": "^0.13.0",
        "resolve": "^1.22.0"
      }
    },
    "history": {
      "version": "5.3.0",
      "resolved": "https://registry.npmjs.org/history/-/history-5.3.0.tgz",
      "integrity": "sha512-ZqaKwjjrAYUYfLG+htGaIIZ4nioX2L70ZUMIFysS3xvBsSG4x/n1V6TXV3N8ZYNuFGlDirFg32T7B6WOUPDYcQ==",
      "requires": {
        "@babel/runtime": "^7.7.6"
      }
    },
    "react": {
      "version": "18.0.0",
      "requires": {
        "loose-envify": "^1.1.0"
      }
    },
    "react-dom": {
      "version": "18.0.0",
      "requires": {
        "loose-envify": "^1.1.0",
        "scheduler": "^0.21.0"
      }
    },
    "react-helmet-async": {
      "version": "1.3.0",
      "requires": {
        "@babel/runtime": "^7.12.5",
        "invariant": "^2.2.4",
        "prop-types": "^15.7.2",
        "react-fast-compare": "^3.2.0",
        "shallowequal": "^1.1.0"
      }
    },
    "react-router": {
      "version": "6.3.0",
      "resolved": "https://registry.npmjs.org/react-router/-/react-router-6.3.0.tgz",
      "integrity": "sha512-7Wh1DzVQ+tlFjkeo+ujvjSqSJmkt1+8JO+T5xklPlgrh70y7ogx75ODRW0ThWhY7S+6yEDks8TYrtQe/aoboBQ==",
      "requires": {
        "history": "^5.2.0"
      }
    },
    "react-router-dom": {
      "version": "6.3.0",
      "resolved": "https://registry.npmjs.org/react-router-dom/-/react-router-dom-6.3.0.tgz",
      "integrity": "sha512-uaJj7LKytRxZNQV8+RbzJWnJ8K2nPsOOEuX7aQstlMZKQT0164C+X2w6bnkqU3sjtLvpd5ojrezAyfZ1+0sStw==",
      "requires": {
        "history": "^5.2.0",
        "react-router": "6.3.0"
      }
    },
    "react-spring": {
      "version": "9.4.5",
      "requires": {
        "@react-spring/core": "~9.4.5",
        "@react-spring/konva": "~9.4.5",
        "@react-spring/native": "~9.4.5",
        "@react-spring/three": "~9.4.5",
        "@react-spring/web": "~9.4.5",
        "@react-spring/zdog": "~9.4.5"
      }
    },
    "redux": {
      "version": "4.2.0",
      "resolved": "https://registry.npmjs.org/redux/-/redux-4.2.0.tgz",
      "integrity": "sha512-oSBmcKKIuIR4ME29/AeNUnl5L+hvBq7OaJWzaptTQJAntaPvxIJqfnjbaEiCzzaIz+XmVILfqAM3Ob0aXLPfjA==",
      "requires": {
        "@babel/runtime": "^7.9.2"
      },
      "dependencies": {
        "@babel/runtime": {
          "version": "7.18.0",
          "resolved": "https://registry.npmjs.org/@babel/runtime/-/runtime-7.18.0.tgz",
          "integrity": "sha512-YMQvx/6nKEaucl0MY56mwIG483xk8SDNdlUwb2Ts6FUpr7fm85DxEmsY18LXBNhcTz6tO6JwZV8w1W06v8UKeg==",
          "requires": {
            "regenerator-runtime": "^0.13.4"
          }
        },
        "regenerator-runtime": {
          "version": "0.13.9",
          "resolved": "https://registry.npmjs.org/regenerator-runtime/-/regenerator-runtime-0.13.9.tgz",
          "integrity": "sha512-p3VT+cOEgxFsRRA9X4lkI1E+k2/CtnKtU4gcxyaCUreilL/vqI6CdZ3wxVUx3UOUg+gnUOQQcRI7BmSI656MYA=="
        }
      }
    },
    "redux-logger": {
      "version": "3.0.6",
      "resolved": "https://registry.npmjs.org/redux-logger/-/redux-logger-3.0.6.tgz",
      "integrity": "sha1-91VZZvMJjzyIYExEnPC69XeCdL8=",
      "requires": {
        "deep-diff": "^0.3.5"
      },
      "dependencies": {
        "deep-diff": {
          "version": "0.3.8",
          "resolved": "https://registry.npmjs.org/deep-diff/-/deep-diff-0.3.8.tgz",
          "integrity": "sha1-wB3mPvsO7JeYgB1Ax+Da4ltYLIQ="
        }
      }
    },
    "redux-thunk": {
      "version": "2.4.1",
      "resolved": "https://registry.npmjs.org/redux-thunk/-/redux-thunk-2.4.1.tgz",
      "integrity": "sha512-OOYGNY5Jy2TWvTL1KgAlVy6dcx3siPJ1wTq741EPyUKfn6W6nChdICjZwCd0p8AZBs5kWpZlbkXW2nE/zjUa+Q=="
    },
    "regenerator-runtime": {
      "version": "0.13.9",
      "resolved": "https://registry.npmjs.org/regenerator-runtime/-/regenerator-runtime-0.13.9.tgz",
      "integrity": "sha512-p3VT+cOEgxFsRRA9X4lkI1E+k2/CtnKtU4gcxyaCUreilL/vqI6CdZ3wxVUx3UOUg+gnUOQQcRI7BmSI656MYA=="
    },
    "vite": {
      "version": "2.7.13",
      "dev": true,
      "requires": {
        "esbuild": "^0.13.12",
        "fsevents": "~2.3.2",
        "postcss": "^8.4.5",
        "resolve": "^1.20.0",
        "rollup": "^2.59.0"
      }
    },
    "wouter": {
      "version": "2.7.5"
    }
  }
}
